{
  "object": {
    "pins": [
      {
        "package": "CommandCougar",
        "repositoryURL": "https://github.com/surfandneptune/CommandCougar",
        "state": {
          "branch": null,
          "revision": "33b0211120d2a4bd41c683516ec78cecc7c614cc",
          "version": "1.1.1"
        }
      },
      {
        "package": "Files",
        "repositoryURL": "https://github.com/JohnSundell/Files",
        "state": {
          "branch": null,
          "revision": "92b57bea0e737e7d92b5ff281f46ec2b59faf91c",
          "version": "3.1.0"
        }
      },
      {
        "package": "Rainbow",
        "repositoryURL": "https://github.com/onevcat/Rainbow",
        "state": {
          "branch": null,
          "revision": "9c52c1952e9b2305d4507cf473392ac2d7c9b155",
          "version": "3.1.5"
        }
      },
      {
        "package": "SKQueue",
        "repositoryURL": "https://github.com/daniel-pedersen/SKQueue",
        "state": {
          "branch": null,
          "revision": "a52c15ea2a8f28fde607155cf75c1abe9ea000a7",
          "version": "1.2.0"
        }
      }
    ]
  },
  "version": 1
}
